// !$*UTF8*$!
{
	archiveVersion = 1;
	classes = {
	};
	objectVersion = 46;
	objects = {

/* Begin PBXBuildFile section */
		6415DA4E16D468AF000753A8 /* IMG_0290.JPG in Resources */ = {isa = PBXBuildFile; fileRef = 6415DA4D16D468AF000753A8 /* IMG_0290.JPG */; };
		A386E92B16CF151E0037065B /* UIKit.framework in Frameworks */ = {isa = PBXBuildFile; fileRef = A386E92A16CF151E0037065B /* UIKit.framework */; };
		A386E92D16CF151E0037065B /* Foundation.framework in Frameworks */ = {isa = PBXBuildFile; fileRef = A386E92C16CF151E0037065B /* Foundation.framework */; };
		A386E92F16CF151E0037065B /* CoreGraphics.framework in Frameworks */ = {isa = PBXBuildFile; fileRef = A386E92E16CF151E0037065B /* CoreGraphics.framework */; };
		A386E93516CF151E0037065B /* InfoPlist.strings in Resources */ = {isa = PBXBuildFile; fileRef = A386E93316CF151E0037065B /* InfoPlist.strings */; };
		A386E93716CF151E0037065B /* main.m in Sources */ = {isa = PBXBuildFile; fileRef = A386E93616CF151E0037065B /* main.m */; };
		A386E93B16CF151E0037065B /* kzAppDelegate.m in Sources */ = {isa = PBXBuildFile; fileRef = A386E93A16CF151E0037065B /* kzAppDelegate.m */; };
		A386E93D16CF151E0037065B /* Default.png in Resources */ = {isa = PBXBuildFile; fileRef = A386E93C16CF151E0037065B /* Default.png */; };
		A386E93F16CF151E0037065B /* Default@2x.png in Resources */ = {isa = PBXBuildFile; fileRef = A386E93E16CF151E0037065B /* Default@2x.png */; };
		A386E94116CF151E0037065B /* Default-568h@2x.png in Resources */ = {isa = PBXBuildFile; fileRef = A386E94016CF151E0037065B /* Default-568h@2x.png */; };
		A386E94416CF151E0037065B /* kzViewController.m in Sources */ = {isa = PBXBuildFile; fileRef = A386E94316CF151E0037065B /* kzViewController.m */; };
		A386E94716CF151F0037065B /* kzViewController.xib in Resources */ = {isa = PBXBuildFile; fileRef = A386E94516CF151E0037065B /* kzViewController.xib */; };
/* End PBXBuildFile section */

/* Begin PBXFileReference section */
		6415DA4D16D468AF000753A8 /* IMG_0290.JPG */ = {isa = PBXFileReference; lastKnownFileType = image.jpeg; path = IMG_0290.JPG; sourceTree = "<group>"; };
		A386E92716CF151E0037065B /* Trial.app */ = {isa = PBXFileReference; explicitFileType = wrapper.application; includeInIndex = 0; path = Trial.app; sourceTree = BUILT_PRODUCTS_DIR; };
		A386E92A16CF151E0037065B /* UIKit.framework */ = {isa = PBXFileReference; lastKnownFileType = wrapper.framework; name = UIKit.framework; path = System/Library/Frameworks/UIKit.framework; sourceTree = SDKROOT; };
		A386E92C16CF151E0037065B /* Foundation.framework */ = {isa = PBXFileReference; lastKnownFileType = wrapper.framework; name = Foundation.framework; path = System/Library/Frameworks/Foundation.framework; sourceTree = SDKROOT; };
		A386E92E16CF151E0037065B /* CoreGraphics.framework */ = {isa = PBXFileReference; lastKnownFileType = wrapper.framework; name = CoreGraphics.framework; path = System/Library/Frameworks/CoreGraphics.framework; sourceTree = SDKROOT; };
		A386E93216CF151E0037065B /* Trial-Info.plist */ = {isa = PBXFileReference; lastKnownFileType = text.plist.xml; path = "Trial-Info.plist"; sourceTree = "<group>"; };
		A386E93416CF151E0037065B /* en */ = {isa = PBXFileReference; lastKnownFileType = text.plist.strings; name = en; path = en.lproj/InfoPlist.strings; sourceTree = "<group>"; };
		A386E93616CF151E0037065B /* main.m */ = {isa = PBXFileReference; lastKnownFileType = sourcecode.c.objc; path = main.m; sourceTree = "<group>"; };
		A386E93816CF151E0037065B /* Trial-Prefix.pch */ = {isa = PBXFileReference; lastKnownFileType = sourcecode.c.h; path = "Trial-Prefix.pch"; sourceTree = "<group>"; };
		A386E93916CF151E0037065B /* kzAppDelegate.h */ = {isa = PBXFileReference; lastKnownFileType = sourcecode.c.h; path = kzAppDelegate.h; sourceTree = "<group>"; };
		A386E93A16CF151E0037065B /* kzAppDelegate.m */ = {isa = PBXFileReference; lastKnownFileType = sourcecode.c.objc; path = kzAppDelegate.m; sourceTree = "<group>"; };
		A386E93C16CF151E0037065B /* Default.png */ = {isa = PBXFileReference; lastKnownFileType = image.png; path = Default.png; sourceTree = "<group>"; };
		A386E93E16CF151E0037065B /* Default@2x.png */ = {isa = PBXFileReference; lastKnownFileType = image.png; path = "Default@2x.png"; sourceTree = "<group>"; };
		A386E94016CF151E0037065B /* Default-568h@2x.png */ = {isa = PBXFileReference; lastKnownFileType = image.png; path = "Default-568h@2x.png"; sourceTree = "<group>"; };
		A386E94216CF151E0037065B /* kzViewController.h */ = {isa = PBXFileReference; lastKnownFileType = sourcecode.c.h; path = kzViewController.h; sourceTree = "<group>"; };
		A386E94316CF151E0037065B /* kzViewController.m */ = {isa = PBXFileReference; lastKnownFileType = sourcecode.c.objc; path = kzViewController.m; sourceTree = "<group>"; };
		A386E94616CF151F0037065B /* en */ = {isa = PBXFileReference; lastKnownFileType = file.xib; name = en; path = en.lproj/kzViewController.xib; sourceTree = "<group>"; };
/* End PBXFileReference section */

/* Begin PBXFrameworksBuildPhase section */
		A386E92416CF151E0037065B /* Frameworks */ = {
			isa = PBXFrameworksBuildPhase;
			buildActionMask = 2147483647;
			files = (
				A386E92B16CF151E0037065B /* UIKit.framework in Frameworks */,
				A386E92D16CF151E0037065B /* Foundation.framework in Frameworks */,
				A386E92F16CF151E0037065B /* CoreGraphics.framework in Frameworks */,
			);
			runOnlyForDeploymentPostprocessing = 0;
		};
/* End PBXFrameworksBuildPhase section */

/* Begin PBXGroup section */
		A386E91E16CF151E0037065B = {
			isa = PBXGroup;
			children = (
				A386E93016CF151E0037065B /* Trial */,
				A386E92916CF151E0037065B /* Frameworks */,
				A386E92816CF151E0037065B /* Products */,
			);
			sourceTree = "<group>";
		};
		A386E92816CF151E0037065B /* Products */ = {
			isa = PBXGroup;
			children = (
				A386E92716CF151E0037065B /* Trial.app */,
			);
			name = Products;
			sourceTree = "<group>";
		};
		A386E92916CF151E0037065B /* Frameworks */ = {
			isa = PBXGroup;
			children = (
				A386E92A16CF151E0037065B /* UIKit.framework */,
				A386E92C16CF151E0037065B /* Foundation.framework */,
				A386E92E16CF151E0037065B /* CoreGraphics.framework */,
			);
			name = Frameworks;
			sourceTree = "<group>";
		};
		A386E93016CF151E0037065B /* Trial */ = {
			isa = PBXGroup;
			children = (
				A386E93916CF151E0037065B /* kzAppDelegate.h */,
				A386E93A16CF151E0037065B /* kzAppDelegate.m */,
				A386E94216CF151E0037065B /* kzViewController.h */,
				A386E94316CF151E0037065B /* kzViewController.m */,
				A386E94516CF151E0037065B /* kzViewController.xib */,
				6415DA4D16D468AF000753A8 /* IMG_0290.JPG */,
				A386E93116CF151E0037065B /* Supporting Files */,
			);
			path = Trial;
			sourceTree = "<group>";
		};
		A386E93116CF151E0037065B /* Supporting Files */ = {
			isa = PBXGroup;
			children = (
				A386E93216CF151E0037065B /* Trial-Info.plist */,
				A386E93316CF151E0037065B /* InfoPlist.strings */,
				A386E93616CF151E0037065B /* main.m */,
				A386E93816CF151E0037065B /* Trial-Prefix.pch */,
				A386E93C16CF151E0037065B /* Default.png */,
				A386E93E16CF151E0037065B /* Default@2x.png */,
				A386E94016CF151E0037065B /* Default-568h@2x.png */,
			);
			name = "Supporting Files";
			sourceTree = "<group>";
		};
/* End PBXGroup section */

/* Begin PBXNativeTarget section */
		A386E92616CF151E0037065B /* Trial */ = {
			isa = PBXNativeTarget;
			buildConfigurationList = A386E94A16CF151F0037065B /* Build configuration list for PBXNativeTarget "Trial" */;
			buildPhases = (
				A386E92316CF151E0037065B /* Sources */,
				A386E92416CF151E0037065B /* Frameworks */,
				A386E92516CF151E0037065B /* Resources */,
			);
			buildRules = (
			);
			dependencies = (
			);
			name = Trial;
			productName = Trial;
			productReference = A386E92716CF151E0037065B /* Trial.app */;
			productType = "com.apple.product-type.application";
		};
/* End PBXNativeTarget section */

/* Begin PBXProject section */
		A386E91F16CF151E0037065B /* Project object */ = {
			isa = PBXProject;
			attributes = {
				CLASSPREFIX = kz;
				LastUpgradeCheck = 0460;
				ORGANIZATIONNAME = kazzylabs;
			};
			buildConfigurationList = A386E92216CF151E0037065B /* Build configuration list for PBXProject "Trial" */;
			compatibilityVersion = "Xcode 3.2";
			developmentRegion = English;
			hasScannedForEncodings = 0;
			knownRegions = (
				en,
			);
			mainGroup = A386E91E16CF151E0037065B;
			productRefGroup = A386E92816CF151E0037065B /* Products */;
			projectDirPath = "";
			projectRoot = "";
			targets = (
				A386E92616CF151E0037065B /* Trial */,
			);
		};
/* End PBXProject section */

/* Begin PBXResourcesBuildPhase section */
		A386E92516CF151E0037065B /* Resources */ = {
			isa = PBXResourcesBuildPhase;
			buildActionMask = 2147483647;
			files = (
				A386E93516CF151E0037065B /* InfoPlist.strings in Resources */,
				A386E93D16CF151E0037065B /* Default.png in Resources */,
				A386E93F16CF151E0037065B /* Default@2x.png in Resources */,
				A386E94116CF151E0037065B /* Default-568h@2x.png in Resources */,
				A386E94716CF151F0037065B /* kzViewController.xib in Resources */,
				6415DA4E16D468AF000753A8 /* IMG_0290.JPG in Resources */,
			);
			runOnlyForDeploymentPostprocessing = 0;
		};
/* End PBXResourcesBuildPhase section */

/* Begin PBXSourcesBuildPhase section */
		A386E92316CF151E0037065B /* Sources */ = {
			isa = PBXSourcesBuildPhase;
			buildActionMask = 2147483647;
			files = (
				A386E93716CF151E0037065B /* main.m in Sources */,
				A386E93B16CF151E0037065B /* kzAppDelegate.m in Sources */,
				A386E94416CF151E0037065B /* kzViewController.m in Sources */,
			);
			runOnlyForDeploymentPostprocessing = 0;
		};
/* End PBXSourcesBuildPhase section */

/* Begin PBXVariantGroup section */
		A386E93316CF151E0037065B /* InfoPlist.strings */ = {
			isa = PBXVariantGroup;
			children = (
				A386E93416CF151E0037065B /* en */,
			);
			name = InfoPlist.strings;
			sourceTree = "<group>";
		};
		A386E94516CF151E0037065B /* kzViewController.xib */ = {
			isa = PBXVariantGroup;
			children = (
				A386E94616CF151F0037065B /* en */,
			);
			name = kzViewController.xib;
			sourceTree = "<group>";
		};
/* End PBXVariantGroup section */

/* Begin XCBuildConfiguration section */
		A386E94816CF151F0037065B /* Debug */ = {
			isa = XCBuildConfiguration;
			buildSettings = {
				ALWAYS_SEARCH_USER_PATHS = NO;
				CLANG_CXX_LANGUAGE_STANDARD = "gnu++0x";
				CLANG_CXX_LIBRARY = "libc++";
				CLANG_ENABLE_OBJC_ARC = YES;
				CLANG_WARN_CONSTANT_CONVERSION = YES;
				CLANG_WARN_EMPTY_BODY = YES;
				CLANG_WARN_ENUM_CONVERSION = YES;
				CLANG_WARN_INT_CONVERSION = YES;
				CLANG_WARN__DUPLICATE_METHOD_MATCH = YES;
				"CODE_SIGN_IDENTITY[sdk=iphoneos*]" = "iPhone Developer";
				COPY_PHASE_STRIP = NO;
				GCC_C_LANGUAGE_STANDARD = gnu99;
				GCC_DYNAMIC_NO_PIC = NO;
				GCC_OPTIMIZATION_LEVEL = 0;
				GCC_PREPROCESSOR_DEFINITIONS = (
					"DEBUG=1",
					"$(inherited)",
				);
				GCC_SYMBOLS_PRIVATE_EXTERN = NO;
				GCC_WARN_ABOUT_RETURN_TYPE = YES;
				GCC_WARN_UNINITIALIZED_AUTOS = YES;
				GCC_WARN_UNUSED_VARIABLE = YES;
				IPHONEOS_DEPLOYMENT_TARGET = 6.1;
				ONLY_ACTIVE_ARCH = YES;
				SDKROOT = iphoneos;
			};
			name = Debug;
		};
		A386E94916CF151F0037065B /* Release */ = {
			isa = XCBuildConfiguration;
			buildSettings = {
				ALWAYS_SEARCH_USER_PATHS = NO;
				CLANG_CXX_LANGUAGE_STANDARD = "gnu++0x";
				CLANG_CXX_LIBRARY = "libc++";
				CLANG_ENABLE_OBJC_ARC = YES;
				CLANG_WARN_CONSTANT_CONVERSION = YES;
				CLANG_WARN_EMPTY_BODY = YES;
				CLANG_WARN_ENUM_CONVERSION = YES;
				CLANG_WARN_INT_CONVERSION = YES;
				CLANG_WARN__DUPLICATE_METHOD_MATCH = YES;
				"CODE_SIGN_IDENTITY[sdk=iphoneos*]" = "iPhone Developer";
				COPY_PHASE_STRIP = YES;
				GCC_C_LANGUAGE_STANDARD = gnu99;
				GCC_WARN_ABOUT_RETURN_TYPE = YES;
				GCC_WARN_UNINITIALIZED_AUTOS = YES;
				GCC_WARN_UNUSED_VARIABLE = YES;
				IPHONEOS_DEPLOYMENT_TARGET = 6.1;
				OTHER_CFLAGS = "-DNS_BLOCK_ASSERTIONS=1";
				SDKROOT = iphoneos;
				VALIDATE_PRODUCT = YES;
			};
			name = Release;
		};
		A386E94B16CF151F0037065B /* Debug */ = {
			isa = XCBuildConfiguration;
			buildSettings = {
				GCC_PRECOMPILE_PREFIX_HEADER = YES;
				GCC_PREFIX_HEADER = "Trial/Trial-Prefix.pch";
				INFOPLIST_FILE = "Trial/Trial-Info.plist";
				PRODUCT_NAME = "$(TARGET_NAME)";
				WRAPPER_EXTENSION = app;
			};
			name = Debug;
		};
		A386E94C16CF151F0037065B /* Release */ = {
			isa = XCBuildConfiguration;
			buildSettings = {
				GCC_PRECOMPILE_PREFIX_HEADER = YES;
				GCC_PREFIX_HEADER = "Trial/Trial-Prefix.pch";
				INFOPLIST_FILE = "Trial/Trial-Info.plist";
				PRODUCT_NAME = "$(TARGET_NAME)";
				WRAPPER_EXTENSION = app;
			};
			name = Release;
		};
/* End XCBuildConfiguration section */

/* Begin XCConfigurationList section */
		A386E92216CF151E0037065B /* Build configuration list for PBXProject "Trial" */ = {
			isa = XCConfigurationList;
			buildConfigurations = (
				A386E94816CF151F0037065B /* Debug */,
				A386E94916CF151F0037065B /* Release */,
			);
			defaultConfigurationIsVisible = 0;
			defaultConfigurationName = Release;
		};
		A386E94A16CF151F0037065B /* Build configuration list for PBXNativeTarget "Trial" */ = {
			isa = XCConfigurationList;
			buildConfigurations = (
				A386E94B16CF151F0037065B /* Debug */,
				A386E94C16CF151F0037065B /* Release */,
			);
			defaultConfigurationIsVisible = 0;
			defaultConfigurationName = Release;
		};
/* End XCConfigurationList section */
	};
	rootObject = A386E91F16CF151E0037065B /* Project object */;
}
